
Microsoft Visual Studio Solution File, Format Version 12.00
Project("{FAE04EC0-301F-11D3-BF4B-00C04F79EFBC}") = "ApmConsole", "ApmConsole\ApmConsole.csproj", "{67567A1E-DB22-456E-8F15-5167A27A4B67}"
EndProject
Project("{FAE04EC0-301F-11D3-BF4B-00C04F79EFBC}") = "AppExc", "AppExc\AppExc.csproj", "{DDC3F97F-8325-443B-8AB2-14613E15C899}"
EndProject
Project("{FAE04EC0-301F-11D3-BF4B-00C04F79EFBC}") = "EbmConsole", "EbmConsole\EbmConsole.csproj", "{8333EF76-DC85-4723-8617-5EA97BD34F7D}"
EndProject
Project("{FAE04EC0-301F-11D3-BF4B-00C04F79EFBC}") = "AspEbPattern", "AspEbPattern\AspEbPattern.csproj", "{22592011-FA1A-4349-81DB-C06415D79978}"
EndProject
Global
	GlobalSection(SolutionConfigurationPlatforms) = preSolution
		Debug|Any CPU = Debug|Any CPU
		Release|Any CPU = Release|Any CPU
	EndGlobalSection
	GlobalSection(ProjectConfigurationPlatforms) = postSolution
		{67567A1E-DB22-456E-8F15-5167A27A4B67}.Debug|Any CPU.ActiveCfg = Debug|Any CPU
		{67567A1E-DB22-456E-8F15-5167A27A4B67}.Debug|Any CPU.Build.0 = Debug|Any CPU
		{67567A1E-DB22-456E-8F15-5167A27A4B67}.Release|Any CPU.ActiveCfg = Release|Any CPU
		{67567A1E-DB22-456E-8F15-5167A27A4B67}.Release|Any CPU.Build.0 = Release|Any CPU
		{DDC3F97F-8325-443B-8AB2-14613E15C899}.Debug|Any CPU.ActiveCfg = Debug|Any CPU
		{DDC3F97F-8325-443B-8AB2-14613E15C899}.Debug|Any CPU.Build.0 = Debug|Any CPU
		{DDC3F97F-8325-443B-8AB2-14613E15C899}.Release|Any CPU.ActiveCfg = Release|Any CPU
		{DDC3F97F-8325-443B-8AB2-14613E15C899}.Release|Any CPU.Build.0 = Release|Any CPU
		{8333EF76-DC85-4723-8617-5EA97BD34F7D}.Debug|Any CPU.ActiveCfg = Debug|Any CPU
		{8333EF76-DC85-4723-8617-5EA97BD34F7D}.Debug|Any CPU.Build.0 = Debug|Any CPU
		{8333EF76-DC85-4723-8617-5EA97BD34F7D}.Release|Any CPU.ActiveCfg = Release|Any CPU
		{8333EF76-DC85-4723-8617-5EA97BD34F7D}.Release|Any CPU.Build.0 = Release|Any CPU
		{22592011-FA1A-4349-81DB-C06415D79978}.Debug|Any CPU.ActiveCfg = Debug|Any CPU
		{22592011-FA1A-4349-81DB-C06415D79978}.Debug|Any CPU.Build.0 = Debug|Any CPU
		{22592011-FA1A-4349-81DB-C06415D79978}.Release|Any CPU.ActiveCfg = Release|Any CPU
		{22592011-FA1A-4349-81DB-C06415D79978}.Release|Any CPU.Build.0 = Release|Any CPU
	EndGlobalSection
EndGlobal
